
Microsoft Visual Studio Solution File, Format Version 12.00
# Visual Studio 15
VisualStudioVersion = 15.0.27703.2042
MinimumVisualStudioVersion = 10.0.40219.1
Project("{FAE04EC0-301F-11D3-BF4B-00C04F79EFBC}") = "CadastroUsuarios.Cliente", "CadastroUsuarios.Cliente\CadastroUsuarios.Cliente.csproj", "{87BD4C5D-1301-492A-AA5C-36F9B724F001}"
EndProject
Global
	GlobalSection(SolutionConfigurationPlatforms) = preSolution
		Debug|Any CPU = Debug|Any CPU
		Release|Any CPU = Release|Any CPU
	EndGlobalSection
	GlobalSection(ProjectConfigurationPlatforms) = postSolution
		{87BD4C5D-1301-492A-AA5C-36F9B724F001}.Debug|Any CPU.ActiveCfg = Debug|Any CPU
		{87BD4C5D-1301-492A-AA5C-36F9B724F001}.Debug|Any CPU.Build.0 = Debug|Any CPU
		{87BD4C5D-1301-492A-AA5C-36F9B724F001}.Release|Any CPU.ActiveCfg = Release|Any CPU
		{87BD4C5D-1301-492A-AA5C-36F9B724F001}.Release|Any CPU.Build.0 = Release|Any CPU
	EndGlobalSection
	GlobalSection(SolutionProperties) = preSolution
		HideSolutionNode = FALSE
	EndGlobalSection
	GlobalSection(ExtensibilityGlobals) = postSolution
		SolutionGuid = {C939FE8A-0F8E-4E5C-A8C4-FC18FC41FDC8}
	EndGlobalSection
EndGlobal
